// !$*UTF8*$!
{
	archiveVersion = 1;
	classes = {
	};
	objectVersion = 50;
	objects = {

/* Begin PBXBuildFile section */
		A9722F1525EB11160010BE75 /* MainScreen.swift in Sources */ = {isa = PBXBuildFile; fileRef = A9722F1425EB11160010BE75 /* MainScreen.swift */; };
		A9722F1825EB15300010BE75 /* ListScreen.swift in Sources */ = {isa = PBXBuildFile; fileRef = A9722F1725EB15300010BE75 /* ListScreen.swift */; };
		A9722F1D25EB16520010BE75 /* OpenModalScreen.swift in Sources */ = {isa = PBXBuildFile; fileRef = A9722F1C25EB16520010BE75 /* OpenModalScreen.swift */; };
		A9722F2225EB172E0010BE75 /* TapMeButtonStyle.swift in Sources */ = {isa = PBXBuildFile; fileRef = A9722F2125EB172E0010BE75 /* TapMeButtonStyle.swift */; };
		A9722F2725EB1AAA0010BE75 /* ContactCell.swift in Sources */ = {isa = PBXBuildFile; fileRef = A9722F2625EB1AAA0010BE75 /* ContactCell.swift */; };
		A9722F2B25EB1B050010BE75 /* ContactScreen.swift in Sources */ = {isa = PBXBuildFile; fileRef = A9722F2A25EB1B050010BE75 /* ContactScreen.swift */; };
		A9722F3525EB1F760010BE75 /* ModalScreen.swift in Sources */ = {isa = PBXBuildFile; fileRef = A9722F3425EB1F760010BE75 /* ModalScreen.swift */; };
		A99C143225EB0BA90071C250 /* OtusHomeProjectApp.swift in Sources */ = {isa = PBXBuildFile; fileRef = A99C143125EB0BA90071C250 /* OtusHomeProjectApp.swift */; };
		A99C143425EB0BA90071C250 /* TabBarView.swift in Sources */ = {isa = PBXBuildFile; fileRef = A99C143325EB0BA90071C250 /* TabBarView.swift */; };
		A99C143625EB0BAC0071C250 /* Assets.xcassets in Resources */ = {isa = PBXBuildFile; fileRef = A99C143525EB0BAC0071C250 /* Assets.xcassets */; };
		A99C143925EB0BAC0071C250 /* Preview Assets.xcassets in Resources */ = {isa = PBXBuildFile; fileRef = A99C143825EB0BAC0071C250 /* Preview Assets.xcassets */; };
/* End PBXBuildFile section */

/* Begin PBXFileReference section */
		A9722F1425EB11160010BE75 /* MainScreen.swift */ = {isa = PBXFileReference; lastKnownFileType = sourcecode.swift; path = MainScreen.swift; sourceTree = "<group>"; };
		A9722F1725EB15300010BE75 /* ListScreen.swift */ = {isa = PBXFileReference; lastKnownFileType = sourcecode.swift; path = ListScreen.swift; sourceTree = "<group>"; };
		A9722F1C25EB16520010BE75 /* OpenModalScreen.swift */ = {isa = PBXFileReference; lastKnownFileType = sourcecode.swift; path = OpenModalScreen.swift; sourceTree = "<group>"; };
		A9722F2125EB172E0010BE75 /* TapMeButtonStyle.swift */ = {isa = PBXFileReference; lastKnownFileType = sourcecode.swift; path = TapMeButtonStyle.swift; sourceTree = "<group>"; };
		A9722F2625EB1AAA0010BE75 /* ContactCell.swift */ = {isa = PBXFileReference; lastKnownFileType = sourcecode.swift; path = ContactCell.swift; sourceTree = "<group>"; };
		A9722F2A25EB1B050010BE75 /* ContactScreen.swift */ = {isa = PBXFileReference; lastKnownFileType = sourcecode.swift; path = ContactScreen.swift; sourceTree = "<group>"; };
		A9722F3425EB1F760010BE75 /* ModalScreen.swift */ = {isa = PBXFileReference; lastKnownFileType = sourcecode.swift; path = ModalScreen.swift; sourceTree = "<group>"; };
		A99C142E25EB0BA90071C250 /* OtusHomeProject.app */ = {isa = PBXFileReference; explicitFileType = wrapper.application; includeInIndex = 0; path = OtusHomeProject.app; sourceTree = BUILT_PRODUCTS_DIR; };
		A99C143125EB0BA90071C250 /* OtusHomeProjectApp.swift */ = {isa = PBXFileReference; lastKnownFileType = sourcecode.swift; path = OtusHomeProjectApp.swift; sourceTree = "<group>"; };
		A99C143325EB0BA90071C250 /* TabBarView.swift */ = {isa = PBXFileReference; lastKnownFileType = sourcecode.swift; path = TabBarView.swift; sourceTree = "<group>"; };
		A99C143525EB0BAC0071C250 /* Assets.xcassets */ = {isa = PBXFileReference; lastKnownFileType = folder.assetcatalog; path = Assets.xcassets; sourceTree = "<group>"; };
		A99C143825EB0BAC0071C250 /* Preview Assets.xcassets */ = {isa = PBXFileReference; lastKnownFileType = folder.assetcatalog; path = "Preview Assets.xcassets"; sourceTree = "<group>"; };
		A99C143A25EB0BAC0071C250 /* Info.plist */ = {isa = PBXFileReference; lastKnownFileType = text.plist.xml; path = Info.plist; sourceTree = "<group>"; };
/* End PBXFileReference section */

/* Begin PBXFrameworksBuildPhase section */
		A99C142B25EB0BA90071C250 /* Frameworks */ = {
			isa = PBXFrameworksBuildPhase;
			buildActionMask = 2147483647;
			files = (
			);
			runOnlyForDeploymentPostprocessing = 0;
		};
/* End PBXFrameworksBuildPhase section */

/* Begin PBXGroup section */
		A9722F1125EB10D10010BE75 /* Main */ = {
			isa = PBXGroup;
			children = (
				A9722F1425EB11160010BE75 /* MainScreen.swift */,
			);
			path = Main;
			sourceTree = "<group>";
		};
		A9722F1225EB10E00010BE75 /* List */ = {
			isa = PBXGroup;
			children = (
				A9722F2525EB1A8A0010BE75 /* Cell */,
				A9722F1725EB15300010BE75 /* ListScreen.swift */,
			);
			path = List;
			sourceTree = "<group>";
		};
		A9722F1325EB10F30010BE75 /* Modal */ = {
			isa = PBXGroup;
			children = (
				A9722F1C25EB16520010BE75 /* OpenModalScreen.swift */,
			);
			path = Modal;
			sourceTree = "<group>";
		};
		A9722F1F25EB17070010BE75 /* Resource */ = {
			isa = PBXGroup;
			children = (
				A9722F2025EB17160010BE75 /* Custom */,
			);
			path = Resource;
			sourceTree = "<group>";
		};
		A9722F2025EB17160010BE75 /* Custom */ = {
			isa = PBXGroup;
			children = (
				A9722F2125EB172E0010BE75 /* TapMeButtonStyle.swift */,
			);
			path = Custom;
			sourceTree = "<group>";
		};
		A9722F2525EB1A8A0010BE75 /* Cell */ = {
			isa = PBXGroup;
			children = (
				A9722F2625EB1AAA0010BE75 /* ContactCell.swift */,
			);
			path = Cell;
			sourceTree = "<group>";
		};
		A9722F2925EB1AE90010BE75 /* Contact */ = {
			isa = PBXGroup;
			children = (
				A9722F2A25EB1B050010BE75 /* ContactScreen.swift */,
			);
			path = Contact;
			sourceTree = "<group>";
		};
		A9722F3325EB1F620010BE75 /* Modal */ = {
			isa = PBXGroup;
			children = (
				A9722F3425EB1F760010BE75 /* ModalScreen.swift */,
			);
			path = Modal;
			sourceTree = "<group>";
		};
		A99C142525EB0BA90071C250 = {
			isa = PBXGroup;
			children = (
				A99C143025EB0BA90071C250 /* OtusHomeProject */,
				A99C142F25EB0BA90071C250 /* Products */,
			);
			sourceTree = "<group>";
		};
		A99C142F25EB0BA90071C250 /* Products */ = {
			isa = PBXGroup;
			children = (
				A99C142E25EB0BA90071C250 /* OtusHomeProject.app */,
			);
			name = Products;
			sourceTree = "<group>";
		};
		A99C143025EB0BA90071C250 /* OtusHomeProject */ = {
			isa = PBXGroup;
			children = (
				A99C144325EB0F0F0071C250 /* Source */,
				A9722F1F25EB17070010BE75 /* Resource */,
				A99C144525EB0F200071C250 /* SupportedFiles */,
			);
			path = OtusHomeProject;
			sourceTree = "<group>";
		};
		A99C143725EB0BAC0071C250 /* Preview Content */ = {
			isa = PBXGroup;
			children = (
				A99C143825EB0BAC0071C250 /* Preview Assets.xcassets */,
			);
			path = "Preview Content";
			sourceTree = "<group>";
		};
		A99C144325EB0F0F0071C250 /* Source */ = {
			isa = PBXGroup;
			children = (
				A99C144625EB0F3D0071C250 /* AppHelper */,
				A99C144725EB0F470071C250 /* TabBar */,
				A9722F2925EB1AE90010BE75 /* Contact */,
				A9722F3325EB1F620010BE75 /* Modal */,
			);
			path = Source;
			sourceTree = "<group>";
		};
		A99C144525EB0F200071C250 /* SupportedFiles */ = {
			isa = PBXGroup;
			children = (
				A99C143525EB0BAC0071C250 /* Assets.xcassets */,
				A99C143A25EB0BAC0071C250 /* Info.plist */,
				A99C143725EB0BAC0071C250 /* Preview Content */,
			);
			path = SupportedFiles;
			sourceTree = "<group>";
		};
		A99C144625EB0F3D0071C250 /* AppHelper */ = {
			isa = PBXGroup;
			children = (
				A99C143125EB0BA90071C250 /* OtusHomeProjectApp.swift */,
			);
			path = AppHelper;
			sourceTree = "<group>";
		};
		A99C144725EB0F470071C250 /* TabBar */ = {
			isa = PBXGroup;
			children = (
				A9722F1125EB10D10010BE75 /* Main */,
				A9722F1225EB10E00010BE75 /* List */,
				A9722F1325EB10F30010BE75 /* Modal */,
				A99C143325EB0BA90071C250 /* TabBarView.swift */,
			);
			path = TabBar;
			sourceTree = "<group>";
		};
/* End PBXGroup section */

/* Begin PBXNativeTarget section */
		A99C142D25EB0BA90071C250 /* OtusHomeProject */ = {
			isa = PBXNativeTarget;
			buildConfigurationList = A99C143D25EB0BAC0071C250 /* Build configuration list for PBXNativeTarget "OtusHomeProject" */;
			buildPhases = (
				A99C142A25EB0BA90071C250 /* Sources */,
				A99C142B25EB0BA90071C250 /* Frameworks */,
				A99C142C25EB0BA90071C250 /* Resources */,
			);
			buildRules = (
			);
			dependencies = (
			);
			name = OtusHomeProject;
			productName = OtusHomeProject;
			productReference = A99C142E25EB0BA90071C250 /* OtusHomeProject.app */;
			productType = "com.apple.product-type.application";
		};
/* End PBXNativeTarget section */

/* Begin PBXProject section */
		A99C142625EB0BA90071C250 /* Project object */ = {
			isa = PBXProject;
			attributes = {
				LastSwiftUpdateCheck = 1240;
				LastUpgradeCheck = 1240;
				TargetAttributes = {
					A99C142D25EB0BA90071C250 = {
						CreatedOnToolsVersion = 12.4;
					};
				};
			};
			buildConfigurationList = A99C142925EB0BA90071C250 /* Build configuration list for PBXProject "OtusHomeProject" */;
			compatibilityVersion = "Xcode 9.3";
			developmentRegion = en;
			hasScannedForEncodings = 0;
			knownRegions = (
				en,
				Base,
			);
			mainGroup = A99C142525EB0BA90071C250;
			productRefGroup = A99C142F25EB0BA90071C250 /* Products */;
			projectDirPath = "";
			projectRoot = "";
			targets = (
				A99C142D25EB0BA90071C250 /* OtusHomeProject */,
			);
		};
/* End PBXProject section */

/* Begin PBXResourcesBuildPhase section */
		A99C142C25EB0BA90071C250 /* Resources */ = {
			isa = PBXResourcesBuildPhase;
			buildActionMask = 2147483647;
			files = (
				A99C143925EB0BAC0071C250 /* Preview Assets.xcassets in Resources */,
				A99C143625EB0BAC0071C250 /* Assets.xcassets in Resources */,
			);
			runOnlyForDeploymentPostprocessing = 0;
		};
/* End PBXResourcesBuildPhase section */

/* Begin PBXSourcesBuildPhase section */
		A99C142A25EB0BA90071C250 /* Sources */ = {
			isa = PBXSourcesBuildPhase;
			buildActionMask = 2147483647;
			files = (
				A9722F3525EB1F760010BE75 /* ModalScreen.swift in Sources */,
				A9722F2225EB172E0010BE75 /* TapMeButtonStyle.swift in Sources */,
				A9722F1525EB11160010BE75 /* MainScreen.swift in Sources */,
				A9722F2B25EB1B050010BE75 /* ContactScreen.swift in Sources */,
				A9722F1D25EB16520010BE75 /* OpenModalScreen.swift in Sources */,
				A9722F1825EB15300010BE75 /* ListScreen.swift in Sources */,
				A99C143425EB0BA90071C250 /* TabBarView.swift in Sources */,
				A9722F2725EB1AAA0010BE75 /* ContactCell.swift in Sources */,
				A99C143225EB0BA90071C250 /* OtusHomeProjectApp.swift in Sources */,
			);
			runOnlyForDeploymentPostprocessing = 0;
		};
/* End PBXSourcesBuildPhase section */

/* Begin XCBuildConfiguration section */
		A99C143B25EB0BAC0071C250 /* Debug */ = {
			isa = XCBuildConfiguration;
			buildSettings = {
				ALWAYS_SEARCH_USER_PATHS = NO;
				CLANG_ANALYZER_NONNULL = YES;
				CLANG_ANALYZER_NUMBER_OBJECT_CONVERSION = YES_AGGRESSIVE;
				CLANG_CXX_LANGUAGE_STANDARD = "gnu++14";
				CLANG_CXX_LIBRARY = "libc++";
				CLANG_ENABLE_MODULES = YES;
				CLANG_ENABLE_OBJC_ARC = YES;
				CLANG_ENABLE_OBJC_WEAK = YES;
				CLANG_WARN_BLOCK_CAPTURE_AUTORELEASING = YES;
				CLANG_WARN_BOOL_CONVERSION = YES;
				CLANG_WARN_COMMA = YES;
				CLANG_WARN_CONSTANT_CONVERSION = YES;
				CLANG_WARN_DEPRECATED_OBJC_IMPLEMENTATIONS = YES;
				CLANG_WARN_DIRECT_OBJC_ISA_USAGE = YES_ERROR;
				CLANG_WARN_DOCUMENTATION_COMMENTS = YES;
				CLANG_WARN_EMPTY_BODY = YES;
				CLANG_WARN_ENUM_CONVERSION = YES;
				CLANG_WARN_INFINITE_RECURSION = YES;
				CLANG_WARN_INT_CONVERSION = YES;
				CLANG_WARN_NON_LITERAL_NULL_CONVERSION = YES;
				CLANG_WARN_OBJC_IMPLICIT_RETAIN_SELF = YES;
				CLANG_WARN_OBJC_LITERAL_CONVERSION = YES;
				CLANG_WARN_OBJC_ROOT_CLASS = YES_ERROR;
				CLANG_WARN_QUOTED_INCLUDE_IN_FRAMEWORK_HEADER = YES;
				CLANG_WARN_RANGE_LOOP_ANALYSIS = YES;
				CLANG_WARN_STRICT_PROTOTYPES = YES;
				CLANG_WARN_SUSPICIOUS_MOVE = YES;
				CLANG_WARN_UNGUARDED_AVAILABILITY = YES_AGGRESSIVE;
				CLANG_WARN_UNREACHABLE_CODE = YES;
				CLANG_WARN__DUPLICATE_METHOD_MATCH = YES;
				COPY_PHASE_STRIP = NO;
				DEBUG_INFORMATION_FORMAT = dwarf;
				ENABLE_STRICT_OBJC_MSGSEND = YES;
				ENABLE_TESTABILITY = YES;
				GCC_C_LANGUAGE_STANDARD = gnu11;
				GCC_DYNAMIC_NO_PIC = NO;
				GCC_NO_COMMON_BLOCKS = YES;
				GCC_OPTIMIZATION_LEVEL = 0;
				GCC_PREPROCESSOR_DEFINITIONS = (
					"DEBUG=1",
					"$(inherited)",
				);
				GCC_WARN_64_TO_32_BIT_CONVERSION = YES;
				GCC_WARN_ABOUT_RETURN_TYPE = YES_ERROR;
				GCC_WARN_UNDECLARED_SELECTOR = YES;
				GCC_WARN_UNINITIALIZED_AUTOS = YES_AGGRESSIVE;
				GCC_WARN_UNUSED_FUNCTION = YES;
				GCC_WARN_UNUSED_VARIABLE = YES;
				IPHONEOS_DEPLOYMENT_TARGET = 14.4;
				MTL_ENABLE_DEBUG_INFO = INCLUDE_SOURCE;
				MTL_FAST_MATH = YES;
				ONLY_ACTIVE_ARCH = YES;
				SDKROOT = iphoneos;
				SWIFT_ACTIVE_COMPILATION_CONDITIONS = DEBUG;
				SWIFT_OPTIMIZATION_LEVEL = "-Onone";
			};
			name = Debug;
		};
		A99C143C25EB0BAC0071C250 /* Release */ = {
			isa = XCBuildConfiguration;
			buildSettings = {
				ALWAYS_SEARCH_USER_PATHS = NO;
				CLANG_ANALYZER_NONNULL = YES;
				CLANG_ANALYZER_NUMBER_OBJECT_CONVERSION = YES_AGGRESSIVE;
				CLANG_CXX_LANGUAGE_STANDARD = "gnu++14";
				CLANG_CXX_LIBRARY = "libc++";
				CLANG_ENABLE_MODULES = YES;
				CLANG_ENABLE_OBJC_ARC = YES;
				CLANG_ENABLE_OBJC_WEAK = YES;
				CLANG_WARN_BLOCK_CAPTURE_AUTORELEASING = YES;
				CLANG_WARN_BOOL_CONVERSION = YES;
				CLANG_WARN_COMMA = YES;
				CLANG_WARN_CONSTANT_CONVERSION = YES;
				CLANG_WARN_DEPRECATED_OBJC_IMPLEMENTATIONS = YES;
				CLANG_WARN_DIRECT_OBJC_ISA_USAGE = YES_ERROR;
				CLANG_WARN_DOCUMENTATION_COMMENTS = YES;
				CLANG_WARN_EMPTY_BODY = YES;
				CLANG_WARN_ENUM_CONVERSION = YES;
				CLANG_WARN_INFINITE_RECURSION = YES;
				CLANG_WARN_INT_CONVERSION = YES;
				CLANG_WARN_NON_LITERAL_NULL_CONVERSION = YES;
				CLANG_WARN_OBJC_IMPLICIT_RETAIN_SELF = YES;
				CLANG_WARN_OBJC_LITERAL_CONVERSION = YES;
				CLANG_WARN_OBJC_ROOT_CLASS = YES_ERROR;
				CLANG_WARN_QUOTED_INCLUDE_IN_FRAMEWORK_HEADER = YES;
				CLANG_WARN_RANGE_LOOP_ANALYSIS = YES;
				CLANG_WARN_STRICT_PROTOTYPES = YES;
				CLANG_WARN_SUSPICIOUS_MOVE = YES;
				CLANG_WARN_UNGUARDED_AVAILABILITY = YES_AGGRESSIVE;
				CLANG_WARN_UNREACHABLE_CODE = YES;
				CLANG_WARN__DUPLICATE_METHOD_MATCH = YES;
				COPY_PHASE_STRIP = NO;
				DEBUG_INFORMATION_FORMAT = "dwarf-with-dsym";
				ENABLE_NS_ASSERTIONS = NO;
				ENABLE_STRICT_OBJC_MSGSEND = YES;
				GCC_C_LANGUAGE_STANDARD = gnu11;
				GCC_NO_COMMON_BLOCKS = YES;
				GCC_WARN_64_TO_32_BIT_CONVERSION = YES;
				GCC_WARN_ABOUT_RETURN_TYPE = YES_ERROR;
				GCC_WARN_UNDECLARED_SELECTOR = YES;
				GCC_WARN_UNINITIALIZED_AUTOS = YES_AGGRESSIVE;
				GCC_WARN_UNUSED_FUNCTION = YES;
				GCC_WARN_UNUSED_VARIABLE = YES;
				IPHONEOS_DEPLOYMENT_TARGET = 14.4;
				MTL_ENABLE_DEBUG_INFO = NO;
				MTL_FAST_MATH = YES;
				SDKROOT = iphoneos;
				SWIFT_COMPILATION_MODE = wholemodule;
				SWIFT_OPTIMIZATION_LEVEL = "-O";
				VALIDATE_PRODUCT = YES;
			};
			name = Release;
		};
		A99C143E25EB0BAC0071C250 /* Debug */ = {
			isa = XCBuildConfiguration;
			buildSettings = {
				ASSETCATALOG_COMPILER_APPICON_NAME = AppIcon;
				ASSETCATALOG_COMPILER_GLOBAL_ACCENT_COLOR_NAME = AccentColor;
				CODE_SIGN_STYLE = Automatic;
				DEVELOPMENT_ASSET_PATHS = "\"OtusHomeProject/SupportedFiles/Preview Content\"";
				DEVELOPMENT_TEAM = UH5E4S62N6;
				ENABLE_PREVIEWS = YES;
				INFOPLIST_FILE = "$(SRCROOT)/OtusHomeProject/SupportedFiles/Info.plist";
				IPHONEOS_DEPLOYMENT_TARGET = 14.0;
				LD_RUNPATH_SEARCH_PATHS = (
					"$(inherited)",
					"@executable_path/Frameworks",
				);
				PRODUCT_BUNDLE_IDENTIFIER = ka.OtusHomeProject;
				PRODUCT_NAME = "$(TARGET_NAME)";
				SWIFT_VERSION = 5.0;
				TARGETED_DEVICE_FAMILY = "1,2";
			};
			name = Debug;
		};
		A99C143F25EB0BAC0071C250 /* Release */ = {
			isa = XCBuildConfiguration;
			buildSettings = {
				ASSETCATALOG_COMPILER_APPICON_NAME = AppIcon;
				ASSETCATALOG_COMPILER_GLOBAL_ACCENT_COLOR_NAME = AccentColor;
				CODE_SIGN_STYLE = Automatic;
				DEVELOPMENT_ASSET_PATHS = "\"OtusHomeProject/SupportedFiles/Preview Content\"";
				DEVELOPMENT_TEAM = UH5E4S62N6;
				ENABLE_PREVIEWS = YES;
				INFOPLIST_FILE = "$(SRCROOT)/OtusHomeProject/SupportedFiles/Info.plist";
				IPHONEOS_DEPLOYMENT_TARGET = 14.0;
				LD_RUNPATH_SEARCH_PATHS = (
					"$(inherited)",
					"@executable_path/Frameworks",
				);
				PRODUCT_BUNDLE_IDENTIFIER = ka.OtusHomeProject;
				PRODUCT_NAME = "$(TARGET_NAME)";
				SWIFT_VERSION = 5.0;
				TARGETED_DEVICE_FAMILY = "1,2";
			};
			name = Release;
		};
/* End XCBuildConfiguration section */

/* Begin XCConfigurationList section */
		A99C142925EB0BA90071C250 /* Build configuration list for PBXProject "OtusHomeProject" */ = {
			isa = XCConfigurationList;
			buildConfigurations = (
				A99C143B25EB0BAC0071C250 /* Debug */,
				A99C143C25EB0BAC0071C250 /* Release */,
			);
			defaultConfigurationIsVisible = 0;
			defaultConfigurationName = Release;
		};
		A99C143D25EB0BAC0071C250 /* Build configuration list for PBXNativeTarget "OtusHomeProject" */ = {
			isa = XCConfigurationList;
			buildConfigurations = (
				A99C143E25EB0BAC0071C250 /* Debug */,
				A99C143F25EB0BAC0071C250 /* Release */,
			);
			defaultConfigurationIsVisible = 0;
			defaultConfigurationName = Release;
		};
/* End XCConfigurationList section */
	};
	rootObject = A99C142625EB0BA90071C250 /* Project object */;
}
